{
  "object": {
    "pins": [
      {
        "package": "Alamofire",
        "repositoryURL": "https://github.com/Alamofire/Alamofire.git",
        "state": {
          "branch": null,
          "revision": "becd9a729a37bdbef5bc39dc3c702b99f9e3d046",
          "version": "5.2.2"
        }
      },
      {
        "package": "KakaJSON",
        "repositoryURL": "https://github.com/kakaopensource/KakaJSON",
        "state": {
          "branch": null,
          "revision": "88d8587a90b8efaac9228baee3a759c25f8a6dd3",
          "version": "1.1.2"
        }
      },
      {
        "package": "SDWebImage",
        "repositoryURL": "https://github.com/SDWebImage/SDWebImage",
        "state": {
          "branch": null,
          "revision": "2f9ef53b99a25bdfba97660c69c42cb54e323b78",
          "version": "5.8.4"
        }
      }
    ]
  },
  "version": 1
}
